
Microsoft Visual Studio Solution File, Format Version 12.00
# Visual Studio Version 16
VisualStudioVersion = 16.0.31729.503
MinimumVisualStudioVersion = 10.0.40219.1
Project("{9A19103F-16F7-4668-BE54-9A1E7A4F7556}") = "CasaCambio.Core"﻿
Microsoft Visual Studio Solution File, Format Version 12.00
# Visual Studio Version 16
VisualStudioVersion = 16.0.31729.503
MinimumVisualStudioVersion = 10.0.40219.1
Project("{9A19103F-16F7-4668-BE54-9A1E7A4F7556}") = "CasaCambio.Core", "CORE\CasaCambio.Core.csproj", "{1321D411-1418-4BED-AE43-16ABC1DBCE80}"
EndProject
Project("{9A19103F-16F7-4668-BE54-9A1E7A4F7556}") = "CasaCambio.API", "API\CasaCambio.API.csproj", "{5B7A5D67-0730-4857-ACE1-B9B3E0E0753B}"
EndProject
Project("{9A19103F-16F7-4668-BE54-9A1E7A4F7556}") = "CasaCambio.Web", "Web\CasaCambio.Web.csproj", "{18C7C689-1702-45BE-82EA-B4F97B13DC0E}"
EndProject
Global
	GlobalSection(SolutionConfigurationPlatforms) = preSolution
		Debug|Any CPU = Debug|Any CPU
		Release|Any CPU = Release|Any CPU
	EndGlobalSection
	GlobalSection(ProjectConfigurationPlatforms) = postSolution
		{1321D411-1418-4BED-AE43-16ABC1DBCE80}.Debug|Any CPU.ActiveCfg = Debug|Any CPU
		{1321D411-1418-4BED-AE43-16ABC1DBCE80}.Debug|Any CPU.Build.0 = Debug|Any CPU
		{1321D411-1418-4BED-AE43-16ABC1DBCE80}.Release|Any CPU.ActiveCfg = Release|Any CPU
		{1321D411-1418-4BED-AE43-16ABC1DBCE80}.Release|Any CPU.Build.0 = Release|Any CPU
		{5B7A5D67-0730-4857-ACE1-B9B3E0E0753B}.Debug|Any CPU.ActiveCfg = Debug|Any CPU
		{5B7A5D67-0730-4857-ACE1-B9B3E0E0753B}.Debug|Any CPU.Build.0 = Debug|Any CPU
		{5B7A5D67-0730-4857-ACE1-B9B3E0E0753B}.Release|Any CPU.ActiveCfg = Release|Any CPU
		{5B7A5D67-0730-4857-ACE1-B9B3E0E0753B}.Release|Any CPU.Build.0 = Release|Any CPU
		{18C7C689-1702-45BE-82EA-B4F97B13DC0E}.Debug|Any CPU.ActiveCfg = Debug|Any CPU
		{18C7C689-1702-45BE-82EA-B4F97B13DC0E}.Debug|Any CPU.Build.0 = Debug|Any CPU
		{18C7C689-1702-45BE-82EA-B4F97B13DC0E}.Release|Any CPU.ActiveCfg = Release|Any CPU
		{18C7C689-1702-45BE-82EA-B4F97B13DC0E}.Release|Any CPU.Build.0 = Release|Any CPU
	EndGlobalSection
	GlobalSection(SolutionProperties) = preSolution
		HideSolutionNode = FALSE
	EndGlobalSection
	GlobalSection(ExtensibilityGlobals) = postSolution
		SolutionGuid = {E994F888-7E90-443A-B6C1-1A5E309E498C}
	EndGlobalSection
EndGlobal
